
Microsoft Visual Studio Solution File, Format Version 12.00
# Visual Studio 15
VisualStudioVersion = 15.0.26730.16
MinimumVisualStudioVersion = 10.0.40219.1
Project("{FAE04EC0-301F-11D3-BF4B-00C04F79EFBC}") = "JumpingButton3", "JumpingButton3\JumpingButton3.csproj", "{015152F3-521D-4EAA-A30C-3593E2470152}"
EndProject
Global
	GlobalSection(SolutionConfigurationPlatforms) = preSolution
		Debug|Any CPU = Debug|Any CPU
		Release|Any CPU = Release|Any CPU
	EndGlobalSection
	GlobalSection(ProjectConfigurationPlatforms) = postSolution
		{015152F3-521D-4EAA-A30C-3593E2470152}.Debug|Any CPU.ActiveCfg = Debug|Any CPU
		{015152F3-521D-4EAA-A30C-3593E2470152}.Debug|Any CPU.Build.0 = Debug|Any CPU
		{015152F3-521D-4EAA-A30C-3593E2470152}.Release|Any CPU.ActiveCfg = Release|Any CPU
		{015152F3-521D-4EAA-A30C-3593E2470152}.Release|Any CPU.Build.0 = Release|Any CPU
	EndGlobalSection
	GlobalSection(SolutionProperties) = preSolution
		HideSolutionNode = FALSE
	EndGlobalSection
	GlobalSection(ExtensibilityGlobals) = postSolution
		SolutionGuid = {806B9111-D2CA-45C5-8D82-7591BDAB2E6F}
	EndGlobalSection
EndGlobal
