
Microsoft Visual Studio Solution File, Format Version 12.00
# Visual Studio 15
VisualStudioVersion = 15.0.27703.2026
MinimumVisualStudioVersion = 10.0.40219.1
Project("{FAE04EC0-301F-11D3-BF4B-00C04F79EFBC}") = "JumpingButton1", "JumpingButton1\JumpingButton1.csproj", "{F3B02452-8E01-43C8-AC03-58ABEEF4BD54}"
EndProject
Global
	GlobalSection(SolutionConfigurationPlatforms) = preSolution
		Debug|Any CPU = Debug|Any CPU
		Release|Any CPU = Release|Any CPU
	EndGlobalSection
	GlobalSection(ProjectConfigurationPlatforms) = postSolution
		{F3B02452-8E01-43C8-AC03-58ABEEF4BD54}.Debug|Any CPU.ActiveCfg = Debug|Any CPU
		{F3B02452-8E01-43C8-AC03-58ABEEF4BD54}.Debug|Any CPU.Build.0 = Debug|Any CPU
		{F3B02452-8E01-43C8-AC03-58ABEEF4BD54}.Release|Any CPU.ActiveCfg = Release|Any CPU
		{F3B02452-8E01-43C8-AC03-58ABEEF4BD54}.Release|Any CPU.Build.0 = Release|Any CPU
	EndGlobalSection
	GlobalSection(SolutionProperties) = preSolution
		HideSolutionNode = FALSE
	EndGlobalSection
	GlobalSection(ExtensibilityGlobals) = postSolution
		SolutionGuid = {D307875D-13DA-4FC4-86AD-18FA0240B17D}
	EndGlobalSection
EndGlobal
